
Microsoft Visual Studio Solution File, Format Version 12.00
# Visual Studio 15
VisualStudioVersion = 15.0.27004.2009
MinimumVisualStudioVersion = 10.0.40219.1
Project("{FAE04EC0-301F-11D3-BF4B-00C04F79EFBC}") = "ConnectionTCPClient", "ConnectionTCPClient.csproj", "{AE4E0F9E-3B5D-4C1E-A261-87CBB5D8C8C0}"
EndProject
Project("{FAE04EC0-301F-11D3-BF4B-00C04F79EFBC}") = "ConnectionTCPServer", "..\ConnectionTCPServer\ConnectionTCPServer.csproj", "{F2D98106-6376-4034-8932-F9987212E1F6}"
EndProject
Project("{FAE04EC0-301F-11D3-BF4B-00C04F79EFBC}") = "UDPClient", "UDPClient\UDPClient.csproj", "{C1903B60-AFA0-4CAB-8ED4-1F240EB00E6E}"
EndProject
Project("{FAE04EC0-301F-11D3-BF4B-00C04F79EFBC}") = "UDPServer", "UDPServer\UDPServer.csproj", "{68A7785A-C400-4FEF-94CB-81357AE98B23}"
EndProject
Project("{FAE04EC0-301F-11D3-BF4B-00C04F79EFBC}") = "AsyncTCPServer", "..\AsyncTCPServer\AsyncTCPServer.csproj", "{91C6710B-F1E8-4BC7-BD59-91E50E33F07C}"
EndProject
Project("{FAE04EC0-301F-11D3-BF4B-00C04F79EFBC}") = "PortScanner", "..\PortScanner\PortScanner.csproj", "{F73B358A-638F-4E9C-B4F1-BC58F1F89D7F}"
EndProject
Project("{FAE04EC0-301F-11D3-BF4B-00C04F79EFBC}") = "LocalPortScanner", "LocalPortScanner\LocalPortScanner.csproj", "{56EBC1A3-0135-490C-8352-290B8BB85A4B}"
EndProject
Project("{FAE04EC0-301F-11D3-BF4B-00C04F79EFBC}") = "checkIP", "..\checkIP\checkIP.csproj", "{EA16BF07-148B-4F14-BB8B-83FAF4C7CFC0}"
EndProject
Project("{FAE04EC0-301F-11D3-BF4B-00C04F79EFBC}") = "PingProgram", "..\PingProgram\PingProgram.csproj", "{ADC0F77C-7FB2-42DC-93D9-A18A9B2DD3AD}"
EndProject
Project("{FAE04EC0-301F-11D3-BF4B-00C04F79EFBC}") = "NetDetect", "..\NetDetect\NetDetect.csproj", "{E8D7A0E9-67B4-4BC3-AA10-D58993CCBDDD}"
EndProject
Project("{FAE04EC0-301F-11D3-BF4B-00C04F79EFBC}") = "TraceRoute", "..\TraceRoute\TraceRoute.csproj", "{1789A617-6CD8-48D8-97F5-0EAC7CF85193}"
EndProject
Project("{FAE04EC0-301F-11D3-BF4B-00C04F79EFBC}") = "HTTPSprawdzUaktualnienia", "HTTPSprawdzUaktualnienia\HTTPSprawdzUaktualnienia.csproj", "{17BAF924-9B83-4394-890D-CDFC069C197E}"
EndProject
Project("{FAE04EC0-301F-11D3-BF4B-00C04F79EFBC}") = "HtmlCodeReader", "..\HtmlCodeReader\HtmlCodeReader.csproj", "{8C24EA3B-6455-459E-A360-34CF702224EE}"
EndProject
Project("{FAE04EC0-301F-11D3-BF4B-00C04F79EFBC}") = "WebBrowser", "WebBrowser'\WebBrowser.csproj", "{365713CE-DB66-497A-8043-37CEE14EBCDA}"
EndProject
Project("{FAE04EC0-301F-11D3-BF4B-00C04F79EFBC}") = "EdytorHTML", "..\EdytorHTML\EdytorHTML.csproj", "{AD9B7FBE-980D-4B04-882B-D4C7C65E3CE0}"
EndProject
Global
	GlobalSection(SolutionConfigurationPlatforms) = preSolution
		Debug|Any CPU = Debug|Any CPU
		Release|Any CPU = Release|Any CPU
	EndGlobalSection
	GlobalSection(ProjectConfigurationPlatforms) = postSolution
		{AE4E0F9E-3B5D-4C1E-A261-87CBB5D8C8C0}.Debug|Any CPU.ActiveCfg = Debug|Any CPU
		{AE4E0F9E-3B5D-4C1E-A261-87CBB5D8C8C0}.Debug|Any CPU.Build.0 = Debug|Any CPU
		{AE4E0F9E-3B5D-4C1E-A261-87CBB5D8C8C0}.Release|Any CPU.ActiveCfg = Release|Any CPU
		{AE4E0F9E-3B5D-4C1E-A261-87CBB5D8C8C0}.Release|Any CPU.Build.0 = Release|Any CPU
		{F2D98106-6376-4034-8932-F9987212E1F6}.Debug|Any CPU.ActiveCfg = Debug|Any CPU
		{F2D98106-6376-4034-8932-F9987212E1F6}.Debug|Any CPU.Build.0 = Debug|Any CPU
		{F2D98106-6376-4034-8932-F9987212E1F6}.Release|Any CPU.ActiveCfg = Release|Any CPU
		{F2D98106-6376-4034-8932-F9987212E1F6}.Release|Any CPU.Build.0 = Release|Any CPU
		{C1903B60-AFA0-4CAB-8ED4-1F240EB00E6E}.Debug|Any CPU.ActiveCfg = Debug|Any CPU
		{C1903B60-AFA0-4CAB-8ED4-1F240EB00E6E}.Debug|Any CPU.Build.0 = Debug|Any CPU
		{C1903B60-AFA0-4CAB-8ED4-1F240EB00E6E}.Release|Any CPU.ActiveCfg = Release|Any CPU
		{C1903B60-AFA0-4CAB-8ED4-1F240EB00E6E}.Release|Any CPU.Build.0 = Release|Any CPU
		{68A7785A-C400-4FEF-94CB-81357AE98B23}.Debug|Any CPU.ActiveCfg = Debug|Any CPU
		{68A7785A-C400-4FEF-94CB-81357AE98B23}.Debug|Any CPU.Build.0 = Debug|Any CPU
		{68A7785A-C400-4FEF-94CB-81357AE98B23}.Release|Any CPU.ActiveCfg = Release|Any CPU
		{68A7785A-C400-4FEF-94CB-81357AE98B23}.Release|Any CPU.Build.0 = Release|Any CPU
		{91C6710B-F1E8-4BC7-BD59-91E50E33F07C}.Debug|Any CPU.ActiveCfg = Debug|Any CPU
		{91C6710B-F1E8-4BC7-BD59-91E50E33F07C}.Debug|Any CPU.Build.0 = Debug|Any CPU
		{91C6710B-F1E8-4BC7-BD59-91E50E33F07C}.Release|Any CPU.ActiveCfg = Release|Any CPU
		{91C6710B-F1E8-4BC7-BD59-91E50E33F07C}.Release|Any CPU.Build.0 = Release|Any CPU
		{F73B358A-638F-4E9C-B4F1-BC58F1F89D7F}.Debug|Any CPU.ActiveCfg = Debug|Any CPU
		{F73B358A-638F-4E9C-B4F1-BC58F1F89D7F}.Debug|Any CPU.Build.0 = Debug|Any CPU
		{F73B358A-638F-4E9C-B4F1-BC58F1F89D7F}.Release|Any CPU.ActiveCfg = Release|Any CPU
		{F73B358A-638F-4E9C-B4F1-BC58F1F89D7F}.Release|Any CPU.Build.0 = Release|Any CPU
		{56EBC1A3-0135-490C-8352-290B8BB85A4B}.Debug|Any CPU.ActiveCfg = Debug|Any CPU
		{56EBC1A3-0135-490C-8352-290B8BB85A4B}.Debug|Any CPU.Build.0 = Debug|Any CPU
		{56EBC1A3-0135-490C-8352-290B8BB85A4B}.Release|Any CPU.ActiveCfg = Release|Any CPU
		{56EBC1A3-0135-490C-8352-290B8BB85A4B}.Release|Any CPU.Build.0 = Release|Any CPU
		{EA16BF07-148B-4F14-BB8B-83FAF4C7CFC0}.Debug|Any CPU.ActiveCfg = Debug|Any CPU
		{EA16BF07-148B-4F14-BB8B-83FAF4C7CFC0}.Debug|Any CPU.Build.0 = Debug|Any CPU
		{EA16BF07-148B-4F14-BB8B-83FAF4C7CFC0}.Release|Any CPU.ActiveCfg = Release|Any CPU
		{EA16BF07-148B-4F14-BB8B-83FAF4C7CFC0}.Release|Any CPU.Build.0 = Release|Any CPU
		{ADC0F77C-7FB2-42DC-93D9-A18A9B2DD3AD}.Debug|Any CPU.ActiveCfg = Debug|Any CPU
		{ADC0F77C-7FB2-42DC-93D9-A18A9B2DD3AD}.Debug|Any CPU.Build.0 = Debug|Any CPU
		{ADC0F77C-7FB2-42DC-93D9-A18A9B2DD3AD}.Release|Any CPU.ActiveCfg = Release|Any CPU
		{ADC0F77C-7FB2-42DC-93D9-A18A9B2DD3AD}.Release|Any CPU.Build.0 = Release|Any CPU
		{E8D7A0E9-67B4-4BC3-AA10-D58993CCBDDD}.Debug|Any CPU.ActiveCfg = Debug|Any CPU
		{E8D7A0E9-67B4-4BC3-AA10-D58993CCBDDD}.Debug|Any CPU.Build.0 = Debug|Any CPU
		{E8D7A0E9-67B4-4BC3-AA10-D58993CCBDDD}.Release|Any CPU.ActiveCfg = Release|Any CPU
		{E8D7A0E9-67B4-4BC3-AA10-D58993CCBDDD}.Release|Any CPU.Build.0 = Release|Any CPU
		{1789A617-6CD8-48D8-97F5-0EAC7CF85193}.Debug|Any CPU.ActiveCfg = Debug|Any CPU
		{1789A617-6CD8-48D8-97F5-0EAC7CF85193}.Debug|Any CPU.Build.0 = Debug|Any CPU
		{1789A617-6CD8-48D8-97F5-0EAC7CF85193}.Release|Any CPU.ActiveCfg = Release|Any CPU
		{1789A617-6CD8-48D8-97F5-0EAC7CF85193}.Release|Any CPU.Build.0 = Release|Any CPU
		{17BAF924-9B83-4394-890D-CDFC069C197E}.Debug|Any CPU.ActiveCfg = Debug|Any CPU
		{17BAF924-9B83-4394-890D-CDFC069C197E}.Debug|Any CPU.Build.0 = Debug|Any CPU
		{17BAF924-9B83-4394-890D-CDFC069C197E}.Release|Any CPU.ActiveCfg = Release|Any CPU
		{17BAF924-9B83-4394-890D-CDFC069C197E}.Release|Any CPU.Build.0 = Release|Any CPU
		{8C24EA3B-6455-459E-A360-34CF702224EE}.Debug|Any CPU.ActiveCfg = Debug|Any CPU
		{8C24EA3B-6455-459E-A360-34CF702224EE}.Debug|Any CPU.Build.0 = Debug|Any CPU
		{8C24EA3B-6455-459E-A360-34CF702224EE}.Release|Any CPU.ActiveCfg = Release|Any CPU
		{8C24EA3B-6455-459E-A360-34CF702224EE}.Release|Any CPU.Build.0 = Release|Any CPU
		{365713CE-DB66-497A-8043-37CEE14EBCDA}.Debug|Any CPU.ActiveCfg = Debug|Any CPU
		{365713CE-DB66-497A-8043-37CEE14EBCDA}.Debug|Any CPU.Build.0 = Debug|Any CPU
		{365713CE-DB66-497A-8043-37CEE14EBCDA}.Release|Any CPU.ActiveCfg = Release|Any CPU
		{365713CE-DB66-497A-8043-37CEE14EBCDA}.Release|Any CPU.Build.0 = Release|Any CPU
		{AD9B7FBE-980D-4B04-882B-D4C7C65E3CE0}.Debug|Any CPU.ActiveCfg = Debug|Any CPU
		{AD9B7FBE-980D-4B04-882B-D4C7C65E3CE0}.Debug|Any CPU.Build.0 = Debug|Any CPU
		{AD9B7FBE-980D-4B04-882B-D4C7C65E3CE0}.Release|Any CPU.ActiveCfg = Release|Any CPU
		{AD9B7FBE-980D-4B04-882B-D4C7C65E3CE0}.Release|Any CPU.Build.0 = Release|Any CPU
	EndGlobalSection
	GlobalSection(SolutionProperties) = preSolution
		HideSolutionNode = FALSE
	EndGlobalSection
	GlobalSection(ExtensibilityGlobals) = postSolution
		SolutionGuid = {56513EDA-F12D-4B70-BDC5-FDF3E8A82985}
	EndGlobalSection
EndGlobal
