
Microsoft Visual Studio Solution File, Format Version 12.00
# Visual Studio 15
VisualStudioVersion = 15.0.27130.2036
MinimumVisualStudioVersion = 10.0.40219.1
Project("{FAE04EC0-301F-11D3-BF4B-00C04F79EFBC}") = "KomunikatorSerwer", "KomunikatorSerwer.csproj", "{89910A5E-CE1B-4FD4-9AF0-CB9560B85A60}"
EndProject
Project("{FAE04EC0-301F-11D3-BF4B-00C04F79EFBC}") = "KomunikatorKlient", "..\KomunikatorKlient\KomunikatorKlient.csproj", "{EB10691A-2966-4E4B-9D9F-6CA2D66EDCB0}"
EndProject
Project("{FAE04EC0-301F-11D3-BF4B-00C04F79EFBC}") = "ZdalnyScreenshotKlient", "..\ZdalnyScreenshotKlient\ZdalnyScreenshotKlient.csproj", "{B2567F11-A08F-43E6-8C38-2029F6C19BFB}"
EndProject
Global
	GlobalSection(SolutionConfigurationPlatforms) = preSolution
		Debug|Any CPU = Debug|Any CPU
		Release|Any CPU = Release|Any CPU
	EndGlobalSection
	GlobalSection(ProjectConfigurationPlatforms) = postSolution
		{89910A5E-CE1B-4FD4-9AF0-CB9560B85A60}.Debug|Any CPU.ActiveCfg = Debug|Any CPU
		{89910A5E-CE1B-4FD4-9AF0-CB9560B85A60}.Debug|Any CPU.Build.0 = Debug|Any CPU
		{89910A5E-CE1B-4FD4-9AF0-CB9560B85A60}.Release|Any CPU.ActiveCfg = Release|Any CPU
		{89910A5E-CE1B-4FD4-9AF0-CB9560B85A60}.Release|Any CPU.Build.0 = Release|Any CPU
		{EB10691A-2966-4E4B-9D9F-6CA2D66EDCB0}.Debug|Any CPU.ActiveCfg = Debug|Any CPU
		{EB10691A-2966-4E4B-9D9F-6CA2D66EDCB0}.Debug|Any CPU.Build.0 = Debug|Any CPU
		{EB10691A-2966-4E4B-9D9F-6CA2D66EDCB0}.Release|Any CPU.ActiveCfg = Release|Any CPU
		{EB10691A-2966-4E4B-9D9F-6CA2D66EDCB0}.Release|Any CPU.Build.0 = Release|Any CPU
		{B2567F11-A08F-43E6-8C38-2029F6C19BFB}.Debug|Any CPU.ActiveCfg = Debug|Any CPU
		{B2567F11-A08F-43E6-8C38-2029F6C19BFB}.Debug|Any CPU.Build.0 = Debug|Any CPU
		{B2567F11-A08F-43E6-8C38-2029F6C19BFB}.Release|Any CPU.ActiveCfg = Release|Any CPU
		{B2567F11-A08F-43E6-8C38-2029F6C19BFB}.Release|Any CPU.Build.0 = Release|Any CPU
	EndGlobalSection
	GlobalSection(SolutionProperties) = preSolution
		HideSolutionNode = FALSE
	EndGlobalSection
	GlobalSection(ExtensibilityGlobals) = postSolution
		SolutionGuid = {6CB56DBF-AD05-4D54-8773-8CA9AA660B66}
	EndGlobalSection
EndGlobal
